{
    "name": "konva-renderer",
    "version": "1.0.0",
    "lockfileVersion": 3,
    "requires": true,
    "packages": {
        "": {
            "name": "konva-renderer",
            "version": "1.0.0",
            "license": "ISC",
            "dependencies": {
                "@elysiajs/cors": "^1.1.1",
                "@elysiajs/swagger": "^1.1.6",
                "@napi-rs/canvas": "0.1.59",
                "@webtoon/psd": "^0.4.0",
                "ag-psd": "^22.0.2",
                "axios": "^1.7.9",
                "canvas": "next",
                "elysia": "^1.1.26",
                "konva": "^9.3.16",
                "node-fetch": "^3.3.2",
                "psd": "^3.4.0"
            },
            "devDependencies": {
                "@types/bun": "^1.1.14",
                "@types/jsdom": "^21.1.7",
                "@types/node": "^22.10.2",
                "@types/psd": "^3.4.3",
                "typescript": "^5.7.2"
            }
        },
        "node_modules/@elysiajs/cors": {
            "version": "1.1.1",
            "license": "MIT",
            "peerDependencies": {
                "elysia": ">= 1.1.0"
            }
        },
        "node_modules/@elysiajs/swagger": {
            "version": "1.1.6",
            "license": "MIT",
            "dependencies": {
                "@scalar/types": "^0.0.12",
                "openapi-types": "^12.1.3",
                "pathe": "^1.1.2"
            },
            "peerDependencies": {
                "elysia": ">= 1.1.0"
            }
        },
        "node_modules/@napi-rs/canvas": {
            "version": "0.1.59",
            "license": "MIT",
            "engines": {
                "node": ">= 10"
            },
            "optionalDependencies": {
                "@napi-rs/canvas-android-arm64": "0.1.59",
                "@napi-rs/canvas-darwin-arm64": "0.1.59",
                "@napi-rs/canvas-darwin-x64": "0.1.59",
                "@napi-rs/canvas-linux-arm-gnueabihf": "0.1.59",
                "@napi-rs/canvas-linux-arm64-gnu": "0.1.59",
                "@napi-rs/canvas-linux-arm64-musl": "0.1.59",
                "@napi-rs/canvas-linux-x64-gnu": "0.1.59",
                "@napi-rs/canvas-linux-x64-musl": "0.1.59",
                "@napi-rs/canvas-win32-x64-msvc": "0.1.59"
            }
        },
        "node_modules/@napi-rs/canvas-darwin-arm64": {
            "version": "0.1.59",
            "cpu": [
                "arm64"
            ],
            "license": "MIT",
            "optional": true,
            "os": [
                "darwin"
            ],
            "engines": {
                "node": ">= 10"
            }
        },
        "node_modules/@scalar/openapi-types": {
            "version": "0.1.1",
            "license": "MIT",
            "engines": {
                "node": ">=18"
            }
        },
        "node_modules/@scalar/types": {
            "version": "0.0.12",
            "license": "MIT",
            "dependencies": {
                "@scalar/openapi-types": "0.1.1",
                "@unhead/schema": "^1.9.5"
            },
            "engines": {
                "node": ">=18"
            }
        },
        "node_modules/@sinclair/typebox": {
            "version": "0.32.34",
            "license": "MIT"
        },
        "node_modules/@types/base64-js": {
            "version": "1.3.2",
            "resolved": "https://registry.npmjs.org/@types/base64-js/-/base64-js-1.3.2.tgz",
            "integrity": "sha512-Q2Xn2/vQHRGLRXhQ5+BSLwhHkR3JVflxVKywH0Q6fVoAiUE8fFYL2pE5/l2ZiOiBDfA8qUqRnSxln4G/NFz1Sg==",
            "license": "MIT"
        },
        "node_modules/@types/bun": {
            "version": "1.1.14",
            "dev": true,
            "license": "MIT",
            "dependencies": {
                "bun-types": "1.1.37"
            }
        },
        "node_modules/@types/jsdom": {
            "version": "21.1.7",
            "dev": true,
            "license": "MIT",
            "dependencies": {
                "@types/node": "*",
                "@types/tough-cookie": "*",
                "parse5": "^7.0.0"
            }
        },
        "node_modules/@types/node": {
            "version": "22.10.2",
            "dev": true,
            "license": "MIT",
            "dependencies": {
                "undici-types": "~6.20.0"
            }
        },
        "node_modules/@types/pngjs": {
            "version": "6.0.5",
            "resolved": "https://registry.npmjs.org/@types/pngjs/-/pngjs-6.0.5.tgz",
            "integrity": "sha512-0k5eKfrA83JOZPppLtS2C7OUtyNAl2wKNxfyYl9Q5g9lPkgBl/9hNyAu6HuEH2J4XmIv2znEpkDd0SaZVxW6iQ==",
            "dev": true,
            "license": "MIT",
            "dependencies": {
                "@types/node": "*"
            }
        },
        "node_modules/@types/psd": {
            "version": "3.4.3",
            "resolved": "https://registry.npmjs.org/@types/psd/-/psd-3.4.3.tgz",
            "integrity": "sha512-N5UGYfK52V1NSQGRcRiJjPswqXGmN8qNCkLAq/uCXflPOYuz0voGKQNMF1qtZNV7V5/SKcTvyHnIezFpz6JXSQ==",
            "dev": true,
            "license": "MIT",
            "dependencies": {
                "@types/node": "*",
                "@types/pngjs": "*",
                "@types/rsvp": "*"
            }
        },
        "node_modules/@types/rsvp": {
            "version": "4.0.9",
            "resolved": "https://registry.npmjs.org/@types/rsvp/-/rsvp-4.0.9.tgz",
            "integrity": "sha512-F6vaN5mbxw2MBCu/AD9fSKwrhnto2pE77dyUsi415qz9IP9ni9ZOWXHxnXfsM4NW9UjW+it189jvvqnhv37Z7Q==",
            "dev": true,
            "license": "MIT"
        },
        "node_modules/@types/tough-cookie": {
            "version": "4.0.5",
            "dev": true,
            "license": "MIT"
        },
        "node_modules/@types/ws": {
            "version": "8.5.13",
            "dev": true,
            "license": "MIT",
            "dependencies": {
                "@types/node": "*"
            }
        },
        "node_modules/@unhead/schema": {
            "version": "1.11.14",
            "license": "MIT",
            "dependencies": {
                "hookable": "^5.5.3",
                "zhead": "^2.2.4"
            },
            "funding": {
                "url": "https://github.com/sponsors/harlan-zw"
            }
        },
        "node_modules/@webtoon/psd": {
            "version": "0.4.0",
            "license": "MIT"
        },
        "node_modules/ag-psd": {
            "version": "22.0.2",
            "resolved": "https://registry.npmjs.org/ag-psd/-/ag-psd-22.0.2.tgz",
            "integrity": "sha512-sX4fGnXdzP+DxnW55vUtOMqdpVHNgEyWvAPhCWR/i8dJJ3jwsMPtZPfTIqAn4JqIKfwcaYhvn0g7rD0CeXsREQ==",
            "license": "MIT",
            "dependencies": {
                "@types/base64-js": "^1.3.0",
                "base64-js": "^1.5.1",
                "pako": "^2.1.0"
            }
        },
        "node_modules/asynckit": {
            "version": "0.4.0",
            "license": "MIT"
        },
        "node_modules/axios": {
            "version": "1.7.9",
            "license": "MIT",
            "dependencies": {
                "follow-redirects": "^1.15.6",
                "form-data": "^4.0.0",
                "proxy-from-env": "^1.1.0"
            }
        },
        "node_modules/base64-js": {
            "version": "1.5.1",
            "funding": [
                {
                    "type": "github",
                    "url": "https://github.com/sponsors/feross"
                },
                {
                    "type": "patreon",
                    "url": "https://www.patreon.com/feross"
                },
                {
                    "type": "consulting",
                    "url": "https://feross.org/support"
                }
            ],
            "license": "MIT"
        },
        "node_modules/bl": {
            "version": "4.1.0",
            "license": "MIT",
            "dependencies": {
                "buffer": "^5.5.0",
                "inherits": "^2.0.4",
                "readable-stream": "^3.4.0"
            }
        },
        "node_modules/buffer": {
            "version": "5.7.1",
            "funding": [
                {
                    "type": "github",
                    "url": "https://github.com/sponsors/feross"
                },
                {
                    "type": "patreon",
                    "url": "https://www.patreon.com/feross"
                },
                {
                    "type": "consulting",
                    "url": "https://feross.org/support"
                }
            ],
            "license": "MIT",
            "dependencies": {
                "base64-js": "^1.3.1",
                "ieee754": "^1.1.13"
            }
        },
        "node_modules/bun-types": {
            "version": "1.1.37",
            "dev": true,
            "license": "MIT",
            "dependencies": {
                "@types/node": "~20.12.8",
                "@types/ws": "~8.5.10"
            }
        },
        "node_modules/bun-types/node_modules/@types/node": {
            "version": "20.12.14",
            "dev": true,
            "license": "MIT",
            "dependencies": {
                "undici-types": "~5.26.4"
            }
        },
        "node_modules/bun-types/node_modules/@types/node/node_modules/undici-types": {
            "version": "5.26.5",
            "dev": true,
            "license": "MIT"
        },
        "node_modules/canvas": {
            "version": "3.0.0-rc3",
            "resolved": "https://registry.npmjs.org/canvas/-/canvas-3.0.0-rc3.tgz",
            "integrity": "sha512-LJVkMp4AH7/IRoLvhLS6R09uBt9O3O0mhCYL34AQV/+OC39jmTv22pJTF5Mgfa3V2JnzGl21MVrhEKmtmPtfQA==",
            "hasInstallScript": true,
            "license": "MIT",
            "dependencies": {
                "node-addon-api": "^7.0.0",
                "prebuild-install": "^7.1.1",
                "simple-get": "^3.0.3"
            },
            "engines": {
                "node": "^18.12.0 || >= 20.9.0"
            }
        },
        "node_modules/chownr": {
            "version": "1.1.4",
            "license": "ISC"
        },
        "node_modules/coffee-script": {
            "version": "1.7.1",
            "resolved": "https://registry.npmjs.org/coffee-script/-/coffee-script-1.7.1.tgz",
            "integrity": "sha512-W3s+SROY73OmrSGtPTTW/2wp2rmW5vuh0/tUuCK1NvTuyzLOVPccIP9whmhZ4cYWcr2NJPNENZIFaAMkTD5G3w==",
            "deprecated": "CoffeeScript on NPM has moved to \"coffeescript\" (no hyphen)",
            "license": "MIT",
            "dependencies": {
                "mkdirp": "~0.3.5"
            },
            "bin": {
                "cake": "bin/cake",
                "coffee": "bin/coffee"
            },
            "engines": {
                "node": ">=0.8.0"
            }
        },
        "node_modules/coffeescript-module": {
            "version": "0.2.1",
            "resolved": "https://registry.npmjs.org/coffeescript-module/-/coffeescript-module-0.2.1.tgz",
            "integrity": "sha512-xVLuaDltmc5OnwvGd7/82U/kwQ0me09b66Ywg/N/KynmE41XTWbsl2+dCySOs3ixnjsy5xXOdM5BjIpjNUAQSg=="
        },
        "node_modules/combined-stream": {
            "version": "1.0.8",
            "license": "MIT",
            "dependencies": {
                "delayed-stream": "~1.0.0"
            },
            "engines": {
                "node": ">= 0.8"
            }
        },
        "node_modules/cookie": {
            "version": "1.0.2",
            "license": "MIT",
            "engines": {
                "node": ">=18"
            }
        },
        "node_modules/data-uri-to-buffer": {
            "version": "4.0.1",
            "license": "MIT",
            "engines": {
                "node": ">= 12"
            }
        },
        "node_modules/decompress-response": {
            "version": "4.2.1",
            "license": "MIT",
            "dependencies": {
                "mimic-response": "^2.0.0"
            },
            "engines": {
                "node": ">=8"
            }
        },
        "node_modules/deep-extend": {
            "version": "0.6.0",
            "license": "MIT",
            "engines": {
                "node": ">=4.0.0"
            }
        },
        "node_modules/delayed-stream": {
            "version": "1.0.0",
            "license": "MIT",
            "engines": {
                "node": ">=0.4.0"
            }
        },
        "node_modules/detect-libc": {
            "version": "2.0.3",
            "license": "Apache-2.0",
            "engines": {
                "node": ">=8"
            }
        },
        "node_modules/elysia": {
            "version": "1.1.26",
            "license": "MIT",
            "dependencies": {
                "@sinclair/typebox": "0.32.34",
                "cookie": "^1.0.1",
                "fast-decode-uri-component": "^1.0.1",
                "openapi-types": "^12.1.3"
            },
            "peerDependencies": {
                "@sinclair/typebox": ">= 0.32.0",
                "openapi-types": ">= 12.0.0",
                "typescript": ">= 5.0.0"
            },
            "peerDependenciesMeta": {
                "openapi-types": {
                    "optional": true
                },
                "typescript": {
                    "optional": true
                }
            }
        },
        "node_modules/end-of-stream": {
            "version": "1.4.4",
            "license": "MIT",
            "dependencies": {
                "once": "^1.4.0"
            }
        },
        "node_modules/entities": {
            "version": "4.5.0",
            "dev": true,
            "license": "BSD-2-Clause",
            "engines": {
                "node": ">=0.12"
            },
            "funding": {
                "url": "https://github.com/fb55/entities?sponsor=1"
            }
        },
        "node_modules/expand-template": {
            "version": "2.0.3",
            "license": "(MIT OR WTFPL)",
            "engines": {
                "node": ">=6"
            }
        },
        "node_modules/fast-decode-uri-component": {
            "version": "1.0.1",
            "license": "MIT"
        },
        "node_modules/fetch-blob": {
            "version": "3.2.0",
            "funding": [
                {
                    "type": "github",
                    "url": "https://github.com/sponsors/jimmywarting"
                },
                {
                    "type": "paypal",
                    "url": "https://paypal.me/jimmywarting"
                }
            ],
            "license": "MIT",
            "dependencies": {
                "node-domexception": "^1.0.0",
                "web-streams-polyfill": "^3.0.3"
            },
            "engines": {
                "node": "^12.20 || >= 14.13"
            }
        },
        "node_modules/follow-redirects": {
            "version": "1.15.9",
            "funding": [
                {
                    "type": "individual",
                    "url": "https://github.com/sponsors/RubenVerborgh"
                }
            ],
            "license": "MIT",
            "engines": {
                "node": ">=4.0"
            },
            "peerDependenciesMeta": {
                "debug": {
                    "optional": true
                }
            }
        },
        "node_modules/form-data": {
            "version": "4.0.1",
            "license": "MIT",
            "dependencies": {
                "asynckit": "^0.4.0",
                "combined-stream": "^1.0.8",
                "mime-types": "^2.1.12"
            },
            "engines": {
                "node": ">= 6"
            }
        },
        "node_modules/formdata-polyfill": {
            "version": "4.0.10",
            "license": "MIT",
            "dependencies": {
                "fetch-blob": "^3.1.2"
            },
            "engines": {
                "node": ">=12.20.0"
            }
        },
        "node_modules/fs-constants": {
            "version": "1.0.0",
            "license": "MIT"
        },
        "node_modules/github-from-package": {
            "version": "0.0.0",
            "license": "MIT"
        },
        "node_modules/hookable": {
            "version": "5.5.3",
            "license": "MIT"
        },
        "node_modules/iconv-lite": {
            "version": "0.4.24",
            "resolved": "https://registry.npmjs.org/iconv-lite/-/iconv-lite-0.4.24.tgz",
            "integrity": "sha512-v3MXnZAcvnywkTUEZomIActle7RXXeedOR31wwl7VlyoXO4Qi9arvSenNQWne1TcRwhCL1HwLI21bEqdpj8/rA==",
            "license": "MIT",
            "dependencies": {
                "safer-buffer": ">= 2.1.2 < 3"
            },
            "engines": {
                "node": ">=0.10.0"
            }
        },
        "node_modules/ieee754": {
            "version": "1.2.1",
            "funding": [
                {
                    "type": "github",
                    "url": "https://github.com/sponsors/feross"
                },
                {
                    "type": "patreon",
                    "url": "https://www.patreon.com/feross"
                },
                {
                    "type": "consulting",
                    "url": "https://feross.org/support"
                }
            ],
            "license": "BSD-3-Clause"
        },
        "node_modules/inherits": {
            "version": "2.0.4",
            "license": "ISC"
        },
        "node_modules/ini": {
            "version": "1.3.8",
            "license": "ISC"
        },
        "node_modules/jspack": {
            "version": "0.0.4",
            "resolved": "https://registry.npmjs.org/jspack/-/jspack-0.0.4.tgz",
            "integrity": "sha512-DC/lSTXYDDdYWzyY/9A1kMzp6Ov9mCRhZQ1cGg4te2w3y4/aKZTSspvbYN4LUsvSzMCb/H8z4TV9mYYW/bs3PQ=="
        },
        "node_modules/konva": {
            "version": "9.3.16",
            "funding": [
                {
                    "type": "patreon",
                    "url": "https://www.patreon.com/lavrton"
                },
                {
                    "type": "opencollective",
                    "url": "https://opencollective.com/konva"
                },
                {
                    "type": "github",
                    "url": "https://github.com/sponsors/lavrton"
                }
            ],
            "license": "MIT"
        },
        "node_modules/lodash": {
            "version": "4.17.21",
            "resolved": "https://registry.npmjs.org/lodash/-/lodash-4.17.21.tgz",
            "integrity": "sha512-v2kDEe57lecTulaDIuNTPy3Ry4gLGJ6Z1O3vE1krgXZNrsQ+LFTGHVxVjcXPs17LhbZVGedAJv8XZ1tvj5FvSg==",
            "license": "MIT"
        },
        "node_modules/mime-db": {
            "version": "1.52.0",
            "license": "MIT",
            "engines": {
                "node": ">= 0.6"
            }
        },
        "node_modules/mime-types": {
            "version": "2.1.35",
            "license": "MIT",
            "dependencies": {
                "mime-db": "1.52.0"
            },
            "engines": {
                "node": ">= 0.6"
            }
        },
        "node_modules/mimic-response": {
            "version": "2.1.0",
            "license": "MIT",
            "engines": {
                "node": ">=8"
            },
            "funding": {
                "url": "https://github.com/sponsors/sindresorhus"
            }
        },
        "node_modules/minimist": {
            "version": "1.2.8",
            "license": "MIT",
            "funding": {
                "url": "https://github.com/sponsors/ljharb"
            }
        },
        "node_modules/mkdirp": {
            "version": "0.3.5",
            "resolved": "https://registry.npmjs.org/mkdirp/-/mkdirp-0.3.5.tgz",
            "integrity": "sha512-8OCq0De/h9ZxseqzCH8Kw/Filf5pF/vMI6+BH7Lu0jXz2pqYCjTAQRolSxRIi+Ax+oCCjlxoJMP0YQ4XlrQNHg==",
            "deprecated": "Legacy versions of mkdirp are no longer supported. Please update to mkdirp 1.x. (Note that the API surface has changed to use Promises in 1.x.)",
            "license": "MIT"
        },
        "node_modules/mkdirp-classic": {
            "version": "0.5.3",
            "license": "MIT"
        },
        "node_modules/napi-build-utils": {
            "version": "1.0.2",
            "license": "MIT"
        },
        "node_modules/node-abi": {
            "version": "3.71.0",
            "license": "MIT",
            "dependencies": {
                "semver": "^7.3.5"
            },
            "engines": {
                "node": ">=10"
            }
        },
        "node_modules/node-addon-api": {
            "version": "7.1.1",
            "license": "MIT"
        },
        "node_modules/node-domexception": {
            "version": "1.0.0",
            "funding": [
                {
                    "type": "github",
                    "url": "https://github.com/sponsors/jimmywarting"
                },
                {
                    "type": "github",
                    "url": "https://paypal.me/jimmywarting"
                }
            ],
            "license": "MIT",
            "engines": {
                "node": ">=10.5.0"
            }
        },
        "node_modules/node-fetch": {
            "version": "3.3.2",
            "license": "MIT",
            "dependencies": {
                "data-uri-to-buffer": "^4.0.0",
                "fetch-blob": "^3.1.4",
                "formdata-polyfill": "^4.0.10"
            },
            "engines": {
                "node": "^12.20.0 || ^14.13.1 || >=16.0.0"
            },
            "funding": {
                "type": "opencollective",
                "url": "https://opencollective.com/node-fetch"
            }
        },
        "node_modules/once": {
            "version": "1.4.0",
            "license": "ISC",
            "dependencies": {
                "wrappy": "1"
            }
        },
        "node_modules/openapi-types": {
            "version": "12.1.3",
            "license": "MIT"
        },
        "node_modules/pako": {
            "version": "2.1.0",
            "resolved": "https://registry.npmjs.org/pako/-/pako-2.1.0.tgz",
            "integrity": "sha512-w+eufiZ1WuJYgPXbV/PO3NCMEc3xqylkKHzp8bxp1uW4qaSNQUkwmLLEc3kKsfz8lpV1F8Ht3U1Cm+9Srog2ug==",
            "license": "(MIT AND Zlib)"
        },
        "node_modules/parse-engine-data": {
            "version": "0.1.2",
            "resolved": "https://registry.npmjs.org/parse-engine-data/-/parse-engine-data-0.1.2.tgz",
            "integrity": "sha512-V3SuNul7Rd+8g2XDykqz1X/OJYD+VWmueHPza3fvEXdXbUqm6ohny0d7u5U8xcBrwkr7VpJc4FncP2vSpNt5vg==",
            "license": "MIT",
            "dependencies": {
                "iconv-lite": "^0.4.4"
            }
        },
        "node_modules/parse5": {
            "version": "7.2.1",
            "dev": true,
            "license": "MIT",
            "dependencies": {
                "entities": "^4.5.0"
            },
            "funding": {
                "url": "https://github.com/inikulin/parse5?sponsor=1"
            }
        },
        "node_modules/pathe": {
            "version": "1.1.2",
            "license": "MIT"
        },
        "node_modules/pngjs": {
            "version": "3.2.0",
            "resolved": "https://registry.npmjs.org/pngjs/-/pngjs-3.2.0.tgz",
            "integrity": "sha512-MCRe3RYxSIqrYgJjgo0DrYcsgN8oaMvR6RmBGo75rZQnQIYLisvvcP7eESsWHY9b7TcZPc9jtOWWwDrCQ6xc2A==",
            "license": "MIT",
            "engines": {
                "node": ">=4.0.0"
            }
        },
        "node_modules/prebuild-install": {
            "version": "7.1.2",
            "license": "MIT",
            "dependencies": {
                "detect-libc": "^2.0.0",
                "expand-template": "^2.0.3",
                "github-from-package": "0.0.0",
                "minimist": "^1.2.3",
                "mkdirp-classic": "^0.5.3",
                "napi-build-utils": "^1.0.1",
                "node-abi": "^3.3.0",
                "pump": "^3.0.0",
                "rc": "^1.2.7",
                "simple-get": "^4.0.0",
                "tar-fs": "^2.0.0",
                "tunnel-agent": "^0.6.0"
            },
            "bin": {
                "prebuild-install": "bin.js"
            },
            "engines": {
                "node": ">=10"
            }
        },
        "node_modules/prebuild-install/node_modules/simple-get": {
            "version": "4.0.1",
            "funding": [
                {
                    "type": "github",
                    "url": "https://github.com/sponsors/feross"
                },
                {
                    "type": "patreon",
                    "url": "https://www.patreon.com/feross"
                },
                {
                    "type": "consulting",
                    "url": "https://feross.org/support"
                }
            ],
            "license": "MIT",
            "dependencies": {
                "decompress-response": "^6.0.0",
                "once": "^1.3.1",
                "simple-concat": "^1.0.0"
            }
        },
        "node_modules/prebuild-install/node_modules/simple-get/node_modules/decompress-response": {
            "version": "6.0.0",
            "license": "MIT",
            "dependencies": {
                "mimic-response": "^3.1.0"
            },
            "engines": {
                "node": ">=10"
            },
            "funding": {
                "url": "https://github.com/sponsors/sindresorhus"
            }
        },
        "node_modules/prebuild-install/node_modules/simple-get/node_modules/decompress-response/node_modules/mimic-response": {
            "version": "3.1.0",
            "license": "MIT",
            "engines": {
                "node": ">=10"
            },
            "funding": {
                "url": "https://github.com/sponsors/sindresorhus"
            }
        },
        "node_modules/proxy-from-env": {
            "version": "1.1.0",
            "license": "MIT"
        },
        "node_modules/psd": {
            "version": "3.4.0",
            "resolved": "https://registry.npmjs.org/psd/-/psd-3.4.0.tgz",
            "integrity": "sha512-LCPskSzQopgwOgFFaYbKgEzm8yOid0cT/GoA46yCnP1ZYTdmkm6cSQNa3x/3GcDX9IUatV+gRrf6RHskLGAdHQ==",
            "dependencies": {
                "coffee-script": "~ 1.7.1",
                "coffeescript-module": "~ 0.2.1",
                "iconv-lite": "~ 0.4.4",
                "jspack": "~ 0.0.3",
                "lodash": "~4.17.21",
                "parse-engine-data": "~ 0.1",
                "pngjs": "3.2.0",
                "rsvp": "~ 3.0.6"
            }
        },
        "node_modules/pump": {
            "version": "3.0.2",
            "license": "MIT",
            "dependencies": {
                "end-of-stream": "^1.1.0",
                "once": "^1.3.1"
            }
        },
        "node_modules/rc": {
            "version": "1.2.8",
            "license": "(BSD-2-Clause OR MIT OR Apache-2.0)",
            "dependencies": {
                "deep-extend": "^0.6.0",
                "ini": "~1.3.0",
                "minimist": "^1.2.0",
                "strip-json-comments": "~2.0.1"
            },
            "bin": {
                "rc": "cli.js"
            }
        },
        "node_modules/readable-stream": {
            "version": "3.6.2",
            "license": "MIT",
            "dependencies": {
                "inherits": "^2.0.3",
                "string_decoder": "^1.1.1",
                "util-deprecate": "^1.0.1"
            },
            "engines": {
                "node": ">= 6"
            }
        },
        "node_modules/rsvp": {
            "version": "3.0.21",
            "resolved": "https://registry.npmjs.org/rsvp/-/rsvp-3.0.21.tgz",
            "integrity": "sha512-D+v2iA91GqQ2C6E5StYdg1EN/FCFR27/3MoTa3A/yF2xwzU95o85MTgzReYhl82YnLK0eZwRHvyVEWeXjqbydQ==",
            "license": "MIT"
        },
        "node_modules/safe-buffer": {
            "version": "5.2.1",
            "funding": [
                {
                    "type": "github",
                    "url": "https://github.com/sponsors/feross"
                },
                {
                    "type": "patreon",
                    "url": "https://www.patreon.com/feross"
                },
                {
                    "type": "consulting",
                    "url": "https://feross.org/support"
                }
            ],
            "license": "MIT"
        },
        "node_modules/safer-buffer": {
            "version": "2.1.2",
            "resolved": "https://registry.npmjs.org/safer-buffer/-/safer-buffer-2.1.2.tgz",
            "integrity": "sha512-YZo3K82SD7Riyi0E1EQPojLz7kpepnSQI9IyPbHHg1XXXevb5dJI7tpyN2ADxGcQbHG7vcyRHk0cbwqcQriUtg==",
            "license": "MIT"
        },
        "node_modules/semver": {
            "version": "7.6.3",
            "license": "ISC",
            "bin": {
                "semver": "bin/semver.js"
            },
            "engines": {
                "node": ">=10"
            }
        },
        "node_modules/simple-concat": {
            "version": "1.0.1",
            "funding": [
                {
                    "type": "github",
                    "url": "https://github.com/sponsors/feross"
                },
                {
                    "type": "patreon",
                    "url": "https://www.patreon.com/feross"
                },
                {
                    "type": "consulting",
                    "url": "https://feross.org/support"
                }
            ],
            "license": "MIT"
        },
        "node_modules/simple-get": {
            "version": "3.1.1",
            "license": "MIT",
            "dependencies": {
                "decompress-response": "^4.2.0",
                "once": "^1.3.1",
                "simple-concat": "^1.0.0"
            }
        },
        "node_modules/string_decoder": {
            "version": "1.3.0",
            "license": "MIT",
            "dependencies": {
                "safe-buffer": "~5.2.0"
            }
        },
        "node_modules/strip-json-comments": {
            "version": "2.0.1",
            "license": "MIT",
            "engines": {
                "node": ">=0.10.0"
            }
        },
        "node_modules/tar-fs": {
            "version": "2.1.1",
            "license": "MIT",
            "dependencies": {
                "chownr": "^1.1.1",
                "mkdirp-classic": "^0.5.2",
                "pump": "^3.0.0",
                "tar-stream": "^2.1.4"
            }
        },
        "node_modules/tar-stream": {
            "version": "2.2.0",
            "license": "MIT",
            "dependencies": {
                "bl": "^4.0.3",
                "end-of-stream": "^1.4.1",
                "fs-constants": "^1.0.0",
                "inherits": "^2.0.3",
                "readable-stream": "^3.1.1"
            },
            "engines": {
                "node": ">=6"
            }
        },
        "node_modules/tunnel-agent": {
            "version": "0.6.0",
            "license": "Apache-2.0",
            "dependencies": {
                "safe-buffer": "^5.0.1"
            },
            "engines": {
                "node": "*"
            }
        },
        "node_modules/typescript": {
            "version": "5.7.2",
            "devOptional": true,
            "license": "Apache-2.0",
            "bin": {
                "tsc": "bin/tsc",
                "tsserver": "bin/tsserver"
            },
            "engines": {
                "node": ">=14.17"
            }
        },
        "node_modules/undici-types": {
            "version": "6.20.0",
            "dev": true,
            "license": "MIT"
        },
        "node_modules/util-deprecate": {
            "version": "1.0.2",
            "license": "MIT"
        },
        "node_modules/web-streams-polyfill": {
            "version": "3.3.3",
            "license": "MIT",
            "engines": {
                "node": ">= 8"
            }
        },
        "node_modules/wrappy": {
            "version": "1.0.2",
            "license": "ISC"
        },
        "node_modules/zhead": {
            "version": "2.2.4",
            "license": "MIT",
            "funding": {
                "url": "https://github.com/sponsors/harlan-zw"
            }
        }
    }
}
